
Microsoft Visual Studio Solution File, Format Version 12.00
# Visual Studio Version 16
VisualStudioVersion = 16.0.29920.165
MinimumVisualStudioVersion = 10.0.40219.1
Project("{FAE04EC0-301F-11D3-BF4B-00C04F79EFBC}") = "ProjectAgileWeb7", "ProjectAgileWeb7\ProjectAgileWeb7.csproj", "{5BF6D0FC-BABE-4B37-A7AD-3DAAB4FF5C8B}"
EndProject
Global
	GlobalSection(SolutionConfigurationPlatforms) = preSolution
		Debug|Any CPU = Debug|Any CPU
		Release|Any CPU = Release|Any CPU
	EndGlobalSection
	GlobalSection(ProjectConfigurationPlatforms) = postSolution
		{5BF6D0FC-BABE-4B37-A7AD-3DAAB4FF5C8B}.Debug|Any CPU.ActiveCfg = Debug|Any CPU
		{5BF6D0FC-BABE-4B37-A7AD-3DAAB4FF5C8B}.Debug|Any CPU.Build.0 = Debug|Any CPU
		{5BF6D0FC-BABE-4B37-A7AD-3DAAB4FF5C8B}.Release|Any CPU.ActiveCfg = Release|Any CPU
		{5BF6D0FC-BABE-4B37-A7AD-3DAAB4FF5C8B}.Release|Any CPU.Build.0 = Release|Any CPU
	EndGlobalSection
	GlobalSection(SolutionProperties) = preSolution
		HideSolutionNode = FALSE
	EndGlobalSection
	GlobalSection(ExtensibilityGlobals) = postSolution
		SolutionGuid = {EDE47FDD-E7D1-49C2-9825-102215E2FC46}
	EndGlobalSection
EndGlobal
